
Microsoft Visual Studio Solution File, Format Version 12.00
# Visual Studio Version 16
VisualStudioVersion = 16.0.29020.237
MinimumVisualStudioVersion = 10.0.40219.1
Project("{FAE04EC0-301F-11D3-BF4B-00C04F79EFBC}") = "Studentpro", "Studentpro.csproj", "{5C9A35C4-6DA5-474E-B5C9-FFBA802744F2}"
EndProject
Global
	GlobalSection(SolutionConfigurationPlatforms) = preSolution
		Debug|Any CPU = Debug|Any CPU
		Release|Any CPU = Release|Any CPU
	EndGlobalSection
	GlobalSection(ProjectConfigurationPlatforms) = postSolution
		{5C9A35C4-6DA5-474E-B5C9-FFBA802744F2}.Debug|Any CPU.ActiveCfg = Debug|Any CPU
		{5C9A35C4-6DA5-474E-B5C9-FFBA802744F2}.Debug|Any CPU.Build.0 = Debug|Any CPU
		{5C9A35C4-6DA5-474E-B5C9-FFBA802744F2}.Release|Any CPU.ActiveCfg = Release|Any CPU
		{5C9A35C4-6DA5-474E-B5C9-FFBA802744F2}.Release|Any CPU.Build.0 = Release|Any CPU
	EndGlobalSection
	GlobalSection(SolutionProperties) = preSolution
		HideSolutionNode = FALSE
	EndGlobalSection
	GlobalSection(ExtensibilityGlobals) = postSolution
		SolutionGuid = {EBBC91DE-2B90-4F54-A648-9A2215895BF7}
	EndGlobalSection
EndGlobal
